
Microsoft Visual Studio Solution File, Format Version 12.00
# Visual Studio Version 16
VisualStudioVersion = 16.0.29728.190
MinimumVisualStudioVersion = 10.0.40219.1
Project("{FAE04EC0-301F-11D3-BF4B-00C04F79EFBC}") = "ContosoUniversity", "ContosoUniversity\ContosoUniversity.csproj", "{0D25E137-BBE4-45F5-A05D-F912D70D919F}"
EndProject
Global
	GlobalSection(SolutionConfigurationPlatforms) = preSolution
		Debug|Any CPU = Debug|Any CPU
		Release|Any CPU = Release|Any CPU
	EndGlobalSection
	GlobalSection(ProjectConfigurationPlatforms) = postSolution
		{0D25E137-BBE4-45F5-A05D-F912D70D919F}.Debug|Any CPU.ActiveCfg = Debug|Any CPU
		{0D25E137-BBE4-45F5-A05D-F912D70D919F}.Debug|Any CPU.Build.0 = Debug|Any CPU
		{0D25E137-BBE4-45F5-A05D-F912D70D919F}.Release|Any CPU.ActiveCfg = Release|Any CPU
		{0D25E137-BBE4-45F5-A05D-F912D70D919F}.Release|Any CPU.Build.0 = Release|Any CPU
	EndGlobalSection
	GlobalSection(SolutionProperties) = preSolution
		HideSolutionNode = FALSE
	EndGlobalSection
	GlobalSection(ExtensibilityGlobals) = postSolution
		SolutionGuid = {CC72AF30-93C9-4DFF-833E-ABAEE97F1EB8}
	EndGlobalSection
EndGlobal
